// !$*UTF8*$!
{
	archiveVersion = 1;
	classes = {
	};
	objectVersion = 56;
	objects = {

/* Begin PBXBuildFile section */
		1441C6ABED624BEDAFB6AF59 /* CourtVisionApp.swift in Sources */ = {isa = PBXBuildFile; fileRef = CF3CB06DA576484783FEF6B0 /* CourtVisionApp.swift */; };
		8DD65840A96D47F49A94C330 /* ContentView.swift in Sources */ = {isa = PBXBuildFile; fileRef = C1346BA5E0E441E0AC2D228A /* ContentView.swift */; };
		AB6EDFDF4942400EA43B42E7 /* Assets.xcassets in Resources */ = {isa = PBXBuildFile; fileRef = 146E1B7AE8114FFD8C5134E4 /* Assets.xcassets */; };
/* End PBXBuildFile section */

/* Begin PBXFileReference section */
		5C50BE936C47431482FEABC6 /* CourtVision.app */ = {isa = PBXFileReference; explicitFileType = wrapper.application; includeInIndex = 0; path = CourtVision.app; sourceTree = BUILT_PRODUCTS_DIR; };
		CF3CB06DA576484783FEF6B0 /* CourtVisionApp.swift */ = {isa = PBXFileReference; lastKnownFileType = sourcecode.swift; path = CourtVisionApp.swift; sourceTree = "<group>"; };
		C1346BA5E0E441E0AC2D228A /* ContentView.swift */ = {isa = PBXFileReference; lastKnownFileType = sourcecode.swift; path = ContentView.swift; sourceTree = "<group>"; };
		146E1B7AE8114FFD8C5134E4 /* Assets.xcassets */ = {isa = PBXFileReference; lastKnownFileType = folder.assetcatalog; path = Assets.xcassets; sourceTree = "<group>"; };
/* End PBXFileReference section */

/* Begin PBXFrameworksBuildPhase section */
		7525AA7EDA2248899D4E7068 /* Frameworks */ = {
			isa = PBXFrameworksBuildPhase;
			buildActionMask = 2147483647;
			files = (
			);
			runOnlyForDeploymentPostprocessing = 0;
		};
/* End PBXFrameworksBuildPhase section */

/* Begin PBXGroup section */
		5FF9AEF886B54AE797D15C9D = {
			isa = PBXGroup;
			children = (
				A5E9699DAD6D4654920B56F5 /* CourtVision */,
				C36D6E010CBE409AA18A1155 /* Products */,
			);
			sourceTree = "<group>";
		};
		A5E9699DAD6D4654920B56F5 /* CourtVision */ = {
			isa = PBXGroup;
			children = (
				CF3CB06DA576484783FEF6B0 /* CourtVisionApp.swift */,
				C1346BA5E0E441E0AC2D228A /* ContentView.swift */,
				146E1B7AE8114FFD8C5134E4 /* Assets.xcassets */,
			);
			path = CourtVision;
			sourceTree = "<group>";
		};
		C36D6E010CBE409AA18A1155 /* Products */ = {
			isa = PBXGroup;
			children = (
				5C50BE936C47431482FEABC6 /* CourtVision.app */,
			);
			name = Products;
			sourceTree = "<group>";
		};
/* End PBXGroup section */

/* Begin PBXNativeTarget section */
		6C01F13B57E94F83B8DDEF12 /* CourtVision */ = {
			isa = PBXNativeTarget;
			buildConfigurationList = AA01F13B57E94F83B8DDEF01 /* Build configuration list for PBXNativeTarget "CourtVision" */;
			buildPhases = (
				AA01F13B57E94F83B8DDEF02 /* Sources */,
				7525AA7EDA2248899D4E7068 /* Frameworks */,
				AA01F13B57E94F83B8DDEF03 /* Resources */,
			);
			buildRules = (
			);
			dependencies = (
			);
			name = CourtVision;
			productName = CourtVision;
			productReference = 5C50BE936C47431482FEABC6 /* CourtVision.app */;
			productType = "com.apple.product-type.application";
		};
/* End PBXNativeTarget section */

/* Begin PBXProject section */
		AA01F13B57E94F83B8DDEF04 /* Project object */ = {
			isa = PBXProject;
			attributes = {
				BuildIndependentTargetsInParallel = 1;
				LastSwiftUpdateCheck = 1500;
				LastUpgradeCheck = 1500;
				TargetAttributes = {
					6C01F13B57E94F83B8DDEF12 = {
						CreatedOnToolsVersion = 15.0;
					};
				};
			};
			buildConfigurationList = AA01F13B57E94F83B8DDEF05 /* Build configuration list for PBXProject "CourtVision" */;
			compatibilityVersion = "Xcode 14.0";
			developmentRegion = en;
			hasScannedForEncodings = 0;
			knownRegions = (
				en,
				Base,
			);
			mainGroup = 5FF9AEF886B54AE797D15C9D;
			productRefGroup = C36D6E010CBE409AA18A1155 /* Products */;
			projectDirPath = "";
			projectRoot = "";
			targets = (
				6C01F13B57E94F83B8DDEF12 /* CourtVision */,
			);
		};
/* End PBXProject section */

/* Begin PBXResourcesBuildPhase section */
		AA01F13B57E94F83B8DDEF03 /* Resources */ = {
			isa = PBXResourcesBuildPhase;
			buildActionMask = 2147483647;
			files = (
				AB6EDFDF4942400EA43B42E7 /* Assets.xcassets in Resources */,
			);
			runOnlyForDeploymentPostprocessing = 0;
		};
/* End PBXResourcesBuildPhase section */

/* Begin PBXSourcesBuildPhase section */
		AA01F13B57E94F83B8DDEF02 /* Sources */ = {
			isa = PBXSourcesBuildPhase;
			buildActionMask = 2147483647;
			files = (
				1441C6ABED624BEDAFB6AF59 /* CourtVisionApp.swift in Sources */,
				8DD65840A96D47F49A94C330 /* ContentView.swift in Sources */,
			);
			runOnlyForDeploymentPostprocessing = 0;
		};
/* End PBXSourcesBuildPhase section */

/* Begin XCBuildConfiguration section */
		AA01F13B57E94F83B8DDEF06 /* Debug */ = {
			isa = XCBuildConfiguration;
			buildSettings = {
				ALWAYS_SEARCH_USER_PATHS = NO;
				ASSETCATALOG_COMPILER_GENERATE_SWIFT_ASSET_SYMBOL_EXTENSIONS = YES;
				CLANG_ENABLE_MODULES = YES;
				CLANG_ENABLE_OBJC_ARC = YES;
				COPY_PHASE_STRIP = NO;
				DEBUG_INFORMATION_FORMAT = dwarf;
				ENABLE_STRICT_OBJC_MSGSEND = YES;
				ENABLE_TESTABILITY = YES;
				GCC_DYNAMIC_NO_PIC = NO;
				GCC_OPTIMIZATION_LEVEL = 0;
				GCC_PREPROCESSOR_DEFINITIONS = (
					"DEBUG=1",
					"$(inherited)",
				);
				IPHONEOS_DEPLOYMENT_TARGET = 17.0;
				MTL_ENABLE_DEBUG_INFO = INCLUDE_SOURCE;
				ONLY_ACTIVE_ARCH = YES;
				SDKROOT = iphoneos;
				SWIFT_ACTIVE_COMPILATION_CONDITIONS = "DEBUG $(inherited)";
				SWIFT_OPTIMIZATION_LEVEL = "-Onone";
			};
			name = Debug;
		};
		AA01F13B57E94F83B8DDEF07 /* Release */ = {
			isa = XCBuildConfiguration;
			buildSettings = {
				ALWAYS_SEARCH_USER_PATHS = NO;
				ASSETCATALOG_COMPILER_GENERATE_SWIFT_ASSET_SYMBOL_EXTENSIONS = YES;
				CLANG_ENABLE_MODULES = YES;
				CLANG_ENABLE_OBJC_ARC = YES;
				COPY_PHASE_STRIP = NO;
				DEBUG_INFORMATION_FORMAT = "dwarf-with-dsym";
				ENABLE_NS_ASSERTIONS = NO;
				ENABLE_STRICT_OBJC_MSGSEND = YES;
				IPHONEOS_DEPLOYMENT_TARGET = 17.0;
				MTL_ENABLE_DEBUG_INFO = NO;
				SDKROOT = iphoneos;
				SWIFT_COMPILATION_MODE = wholemodule;
				VALIDATE_PRODUCT = YES;
			};
			name = Release;
		};
		AA01F13B57E94F83B8DDEF08 /* Debug */ = {
			isa = XCBuildConfiguration;
			buildSettings = {
				ASSETCATALOG_COMPILER_APPICON_NAME = AppIcon;
				ASSETCATALOG_COMPILER_GLOBAL_ACCENT_COLOR_NAME = AccentColor;
				CODE_SIGN_STYLE = Automatic;
				CURRENT_PROJECT_VERSION = 1;
				DEVELOPMENT_TEAM = "";
				ENABLE_PREVIEWS = YES;
				GENERATE_INFOPLIST_FILE = YES;
				INFOPLIST_KEY_UIApplicationSceneManifest_Generation = YES;
				INFOPLIST_KEY_UILaunchScreen_Generation = YES;
				INFOPLIST_KEY_UISupportedInterfaceOrientations_iPad = "UIInterfaceOrientationPortrait UIInterfaceOrientationPortraitUpsideDown UIInterfaceOrientationLandscapeLeft UIInterfaceOrientationLandscapeRight";
				INFOPLIST_KEY_UISupportedInterfaceOrientations_iPhone = "UIInterfaceOrientationPortrait UIInterfaceOrientationLandscapeLeft UIInterfaceOrientationLandscapeRight";
				LD_RUNPATH_SEARCH_PATHS = (
					"$(inherited)",
					"@executable_path/Frameworks",
				);
				MARKETING_VERSION = 1.0;
				PRODUCT_BUNDLE_IDENTIFIER = com.university.CourtVision;
				PRODUCT_NAME = "$(TARGET_NAME)";
				SUPPORTED_PLATFORMS = "iphoneos iphonesimulator";
				SUPPORTS_MACCATALYST = NO;
				SWIFT_EMIT_LOC_STRINGS = YES;
				SWIFT_VERSION = 5.0;
				TARGETED_DEVICE_FAMILY = "1,2";
			};
			name = Debug;
		};
		AA01F13B57E94F83B8DDEF09 /* Release */ = {
			isa = XCBuildConfiguration;
			buildSettings = {
				ASSETCATALOG_COMPILER_APPICON_NAME = AppIcon;
				ASSETCATALOG_COMPILER_GLOBAL_ACCENT_COLOR_NAME = AccentColor;
				CODE_SIGN_STYLE = Automatic;
				CURRENT_PROJECT_VERSION = 1;
				DEVELOPMENT_TEAM = "";
				ENABLE_PREVIEWS = YES;
				GENERATE_INFOPLIST_FILE = YES;
				INFOPLIST_KEY_UIApplicationSceneManifest_Generation = YES;
				INFOPLIST_KEY_UILaunchScreen_Generation = YES;
				INFOPLIST_KEY_UISupportedInterfaceOrientations_iPad = "UIInterfaceOrientationPortrait UIInterfaceOrientationPortraitUpsideDown UIInterfaceOrientationLandscapeLeft UIInterfaceOrientationLandscapeRight";
				INFOPLIST_KEY_UISupportedInterfaceOrientations_iPhone = "UIInterfaceOrientationPortrait UIInterfaceOrientationLandscapeLeft UIInterfaceOrientationLandscapeRight";
				LD_RUNPATH_SEARCH_PATHS = (
					"$(inherited)",
					"@executable_path/Frameworks",
				);
				MARKETING_VERSION = 1.0;
				PRODUCT_BUNDLE_IDENTIFIER = com.university.CourtVision;
				PRODUCT_NAME = "$(TARGET_NAME)";
				SUPPORTED_PLATFORMS = "iphoneos iphonesimulator";
				SUPPORTS_MACCATALYST = NO;
				SWIFT_EMIT_LOC_STRINGS = YES;
				SWIFT_VERSION = 5.0;
				TARGETED_DEVICE_FAMILY = "1,2";
			};
			name = Release;
		};
/* End XCBuildConfiguration section */

/* Begin XCConfigurationList section */
		AA01F13B57E94F83B8DDEF05 /* Build configuration list for PBXProject "CourtVision" */ = {
			isa = XCConfigurationList;
			buildConfigurations = (
				AA01F13B57E94F83B8DDEF06 /* Debug */,
				AA01F13B57E94F83B8DDEF07 /* Release */,
			);
			defaultConfigurationIsVisible = 0;
			defaultConfigurationName = Release;
		};
		AA01F13B57E94F83B8DDEF01 /* Build configuration list for PBXNativeTarget "CourtVision" */ = {
			isa = XCConfigurationList;
			buildConfigurations = (
				AA01F13B57E94F83B8DDEF08 /* Debug */,
				AA01F13B57E94F83B8DDEF09 /* Release */,
			);
			defaultConfigurationIsVisible = 0;
			defaultConfigurationName = Release;
		};
/* End XCConfigurationList section */
	};
	rootObject = AA01F13B57E94F83B8DDEF04 /* Project object */;
}
